
Microsoft Visual Studio Solution File, Format Version 12.00
# Visual Studio Version 16
VisualStudioVersion = 16.0.31313.79
MinimumVisualStudioVersion = 10.0.40219.1
Project("{2150E333-8FDC-42A3-9474-1A3956D46DE8}") = "Core", "Core", "{BECCF647-45DA-4B1D-9BEF-959E04D43BC6}"
EndProject
Project("{2150E333-8FDC-42A3-9474-1A3956D46DE8}") = "Infrastructure", "Infrastructure", "{71B50798-A7CF-4724-A213-5DF43CFD37C3}"
EndProject
Project("{2150E333-8FDC-42A3-9474-1A3956D46DE8}") = "Presentation", "Presentation", "{20D0BE1E-D1DA-463F-9856-7C8ACC54CD03}"
EndProject
Project("{9A19103F-16F7-4668-BE54-9A1E7A4F7556}") = "Entities", "Entities\Entities.csproj", "{35388DE5-4E0D-42B1-A00F-9E3C82492FD5}"
EndProject
Project("{9A19103F-16F7-4668-BE54-9A1E7A4F7556}") = "Endpoint", "Endpoint\Endpoint.csproj", "{6B4ABC21-4EED-433C-A6E0-73557219AD56}"
EndProject
Project("{9A19103F-16F7-4668-BE54-9A1E7A4F7556}") = "Infrastructure", "Infrastructure\Infrastructure.csproj", "{786294DC-28D2-4BBA-B6D5-121A15C8F6A7}"
EndProject
Project("{2150E333-8FDC-42A3-9474-1A3956D46DE8}") = "Aplication", "Aplication", "{71095135-20B0-44EE-AE65-D7E0C8711E34}"
EndProject
Project("{FAE04EC0-301F-11D3-BF4B-00C04F79EFBC}") = "Application", "Application\Application.csproj", "{83F63778-5A99-4F29-8F39-53E4B25FC7D9}"
EndProject
Global
	GlobalSection(SolutionConfigurationPlatforms) = preSolution
		Debug|Any CPU = Debug|Any CPU
		Release|Any CPU = Release|Any CPU
	EndGlobalSection
	GlobalSection(ProjectConfigurationPlatforms) = postSolution
		{35388DE5-4E0D-42B1-A00F-9E3C82492FD5}.Debug|Any CPU.ActiveCfg = Debug|Any CPU
		{35388DE5-4E0D-42B1-A00F-9E3C82492FD5}.Debug|Any CPU.Build.0 = Debug|Any CPU
		{35388DE5-4E0D-42B1-A00F-9E3C82492FD5}.Release|Any CPU.ActiveCfg = Release|Any CPU
		{35388DE5-4E0D-42B1-A00F-9E3C82492FD5}.Release|Any CPU.Build.0 = Release|Any CPU
		{6B4ABC21-4EED-433C-A6E0-73557219AD56}.Debug|Any CPU.ActiveCfg = Debug|Any CPU
		{6B4ABC21-4EED-433C-A6E0-73557219AD56}.Debug|Any CPU.Build.0 = Debug|Any CPU
		{6B4ABC21-4EED-433C-A6E0-73557219AD56}.Release|Any CPU.ActiveCfg = Release|Any CPU
		{6B4ABC21-4EED-433C-A6E0-73557219AD56}.Release|Any CPU.Build.0 = Release|Any CPU
		{786294DC-28D2-4BBA-B6D5-121A15C8F6A7}.Debug|Any CPU.ActiveCfg = Debug|Any CPU
		{786294DC-28D2-4BBA-B6D5-121A15C8F6A7}.Debug|Any CPU.Build.0 = Debug|Any CPU
		{786294DC-28D2-4BBA-B6D5-121A15C8F6A7}.Release|Any CPU.ActiveCfg = Release|Any CPU
		{786294DC-28D2-4BBA-B6D5-121A15C8F6A7}.Release|Any CPU.Build.0 = Release|Any CPU
		{83F63778-5A99-4F29-8F39-53E4B25FC7D9}.Debug|Any CPU.ActiveCfg = Debug|Any CPU
		{83F63778-5A99-4F29-8F39-53E4B25FC7D9}.Debug|Any CPU.Build.0 = Debug|Any CPU
		{83F63778-5A99-4F29-8F39-53E4B25FC7D9}.Release|Any CPU.ActiveCfg = Release|Any CPU
		{83F63778-5A99-4F29-8F39-53E4B25FC7D9}.Release|Any CPU.Build.0 = Release|Any CPU
	EndGlobalSection
	GlobalSection(SolutionProperties) = preSolution
		HideSolutionNode = FALSE
	EndGlobalSection
	GlobalSection(NestedProjects) = preSolution
		{35388DE5-4E0D-42B1-A00F-9E3C82492FD5} = {BECCF647-45DA-4B1D-9BEF-959E04D43BC6}
		{6B4ABC21-4EED-433C-A6E0-73557219AD56} = {20D0BE1E-D1DA-463F-9856-7C8ACC54CD03}
		{786294DC-28D2-4BBA-B6D5-121A15C8F6A7} = {71B50798-A7CF-4724-A213-5DF43CFD37C3}
		{83F63778-5A99-4F29-8F39-53E4B25FC7D9} = {71095135-20B0-44EE-AE65-D7E0C8711E34}
	EndGlobalSection
	GlobalSection(ExtensibilityGlobals) = postSolution
		SolutionGuid = {4F866B3F-699C-4020-910C-6829133B3AF7}
	EndGlobalSection
EndGlobal
